
Microsoft Visual Studio Solution File, Format Version 12.00
# Visual Studio Version 17
VisualStudioVersion = 17.3.32819.101
MinimumVisualStudioVersion = 10.0.40219.1
Project("{FAE04EC0-301F-11D3-BF4B-00C04F79EFBC}") = "MinikApp", "WindowsFormsApp\MinikApp.csproj", "{BA062A6F-4706-4D9A-A5A3-49BA96DD1F5B}"
EndProject
Global
	GlobalSection(SolutionConfigurationPlatforms) = preSolution
		Debug|Any CPU = Debug|Any CPU
		Release|Any CPU = Release|Any CPU
	EndGlobalSection
	GlobalSection(ProjectConfigurationPlatforms) = postSolution
		{BA062A6F-4706-4D9A-A5A3-49BA96DD1F5B}.Debug|Any CPU.ActiveCfg = Debug|Any CPU
		{BA062A6F-4706-4D9A-A5A3-49BA96DD1F5B}.Debug|Any CPU.Build.0 = Debug|Any CPU
		{BA062A6F-4706-4D9A-A5A3-49BA96DD1F5B}.Release|Any CPU.ActiveCfg = Release|Any CPU
		{BA062A6F-4706-4D9A-A5A3-49BA96DD1F5B}.Release|Any CPU.Build.0 = Release|Any CPU
	EndGlobalSection
	GlobalSection(SolutionProperties) = preSolution
		HideSolutionNode = FALSE
	EndGlobalSection
	GlobalSection(ExtensibilityGlobals) = postSolution
		SolutionGuid = {9EF68D09-EC3B-4A23-AD98-84E3EFB112E9}
	EndGlobalSection
EndGlobal
